
Microsoft Visual Studio Solution File, Format Version 12.00
# Visual Studio Version 16
VisualStudioVersion = 16.0.31729.503
MinimumVisualStudioVersion = 10.0.40219.1
Project("{FAE04EC0-301F-11D3-BF4B-00C04F79EFBC}") = "TicTacToeProgram", "TicTacToeProgram\TicTacToeProgram.csproj", "{1245F422-79FA-4A93-A932-D324BAB6D7B8}"
EndProject
Global
	GlobalSection(SolutionConfigurationPlatforms) = preSolution
		Debug|Any CPU = Debug|Any CPU
		Release|Any CPU = Release|Any CPU
	EndGlobalSection
	GlobalSection(ProjectConfigurationPlatforms) = postSolution
		{1245F422-79FA-4A93-A932-D324BAB6D7B8}.Debug|Any CPU.ActiveCfg = Debug|Any CPU
		{1245F422-79FA-4A93-A932-D324BAB6D7B8}.Debug|Any CPU.Build.0 = Debug|Any CPU
		{1245F422-79FA-4A93-A932-D324BAB6D7B8}.Release|Any CPU.ActiveCfg = Release|Any CPU
		{1245F422-79FA-4A93-A932-D324BAB6D7B8}.Release|Any CPU.Build.0 = Release|Any CPU
	EndGlobalSection
	GlobalSection(SolutionProperties) = preSolution
		HideSolutionNode = FALSE
	EndGlobalSection
	GlobalSection(ExtensibilityGlobals) = postSolution
		SolutionGuid = {50168F4F-D0C7-4439-B7CC-D1841F908765}
	EndGlobalSection
EndGlobal
